
Microsoft Visual Studio Solution File, Format Version 12.00
# Visual Studio Version 16
VisualStudioVersion = 16.0.31605.320
MinimumVisualStudioVersion = 10.0.40219.1
Project("{FAE04EC0-301F-11D3-BF4B-00C04F79EFBC}") = "ScreenApi", "ScreenApi\ScreenApi.csproj", "{7E11F173-E89C-456A-B857-2066A3584CB7}"
EndProject
Global
	GlobalSection(SolutionConfigurationPlatforms) = preSolution
		Debug|Any CPU = Debug|Any CPU
		Release|Any CPU = Release|Any CPU
	EndGlobalSection
	GlobalSection(ProjectConfigurationPlatforms) = postSolution
		{7E11F173-E89C-456A-B857-2066A3584CB7}.Debug|Any CPU.ActiveCfg = Debug|Any CPU
		{7E11F173-E89C-456A-B857-2066A3584CB7}.Debug|Any CPU.Build.0 = Debug|Any CPU
		{7E11F173-E89C-456A-B857-2066A3584CB7}.Release|Any CPU.ActiveCfg = Release|Any CPU
		{7E11F173-E89C-456A-B857-2066A3584CB7}.Release|Any CPU.Build.0 = Release|Any CPU
	EndGlobalSection
	GlobalSection(SolutionProperties) = preSolution
		HideSolutionNode = FALSE
	EndGlobalSection
	GlobalSection(ExtensibilityGlobals) = postSolution
		SolutionGuid = {1714681D-B6B9-4334-A048-7B1AB180E32D}
	EndGlobalSection
EndGlobal
